
Microsoft Visual Studio Solution File, Format Version 12.00
# Visual Studio Version 17
VisualStudioVersion = 17.4.33403.182
MinimumVisualStudioVersion = 10.0.40219.1
Project("{FAE04EC0-301F-11D3-BF4B-00C04F79EFBC}") = "App21", "App21\App21.csproj", "{021A243F-A315-4D9E-A64F-40B150F90313}"
EndProject
Global
	GlobalSection(SolutionConfigurationPlatforms) = preSolution
		Debug|Any CPU = Debug|Any CPU
		Release|Any CPU = Release|Any CPU
	EndGlobalSection
	GlobalSection(ProjectConfigurationPlatforms) = postSolution
		{021A243F-A315-4D9E-A64F-40B150F90313}.Debug|Any CPU.ActiveCfg = Debug|Any CPU
		{021A243F-A315-4D9E-A64F-40B150F90313}.Debug|Any CPU.Build.0 = Debug|Any CPU
		{021A243F-A315-4D9E-A64F-40B150F90313}.Release|Any CPU.ActiveCfg = Release|Any CPU
		{021A243F-A315-4D9E-A64F-40B150F90313}.Release|Any CPU.Build.0 = Release|Any CPU
	EndGlobalSection
	GlobalSection(SolutionProperties) = preSolution
		HideSolutionNode = FALSE
	EndGlobalSection
	GlobalSection(ExtensibilityGlobals) = postSolution
		SolutionGuid = {BF4035F2-3279-45AE-827C-BCD99664EC2A}
	EndGlobalSection
EndGlobal
